
Microsoft Visual Studio Solution File, Format Version 12.00
# Visual Studio 15
VisualStudioVersion = 15.0.28307.271
MinimumVisualStudioVersion = 10.0.40219.1
Project("{FAE04EC0-301F-11D3-BF4B-00C04F79EFBC}") = "Practice", "Practice\Practice.csproj", "{B26F7D2B-CECB-4F48-9D0E-D26A76F1DB9B}"
EndProject
Global
	GlobalSection(SolutionConfigurationPlatforms) = preSolution
		Debug|Any CPU = Debug|Any CPU
		Release|Any CPU = Release|Any CPU
	EndGlobalSection
	GlobalSection(ProjectConfigurationPlatforms) = postSolution
		{B26F7D2B-CECB-4F48-9D0E-D26A76F1DB9B}.Debug|Any CPU.ActiveCfg = Debug|Any CPU
		{B26F7D2B-CECB-4F48-9D0E-D26A76F1DB9B}.Debug|Any CPU.Build.0 = Debug|Any CPU
		{B26F7D2B-CECB-4F48-9D0E-D26A76F1DB9B}.Release|Any CPU.ActiveCfg = Release|Any CPU
		{B26F7D2B-CECB-4F48-9D0E-D26A76F1DB9B}.Release|Any CPU.Build.0 = Release|Any CPU
	EndGlobalSection
	GlobalSection(SolutionProperties) = preSolution
		HideSolutionNode = FALSE
	EndGlobalSection
	GlobalSection(ExtensibilityGlobals) = postSolution
		SolutionGuid = {D88EDC1C-F75B-45C7-82E2-0BD2987D83A0}
	EndGlobalSection
EndGlobal
